
Microsoft Visual Studio Solution File, Format Version 12.00
# Visual Studio 15
VisualStudioVersion = 15.0.28307.329
MinimumVisualStudioVersion = 10.0.40219.1
Project("{FAE04EC0-301F-11D3-BF4B-00C04F79EFBC}") = "BraceletID", "BraceletID\BraceletID.csproj", "{7D366D1E-C899-4133-ACB9-BB821CB8DDCA}"
EndProject
Global
	GlobalSection(SolutionConfigurationPlatforms) = preSolution
		Debug|Any CPU = Debug|Any CPU
		Release|Any CPU = Release|Any CPU
	EndGlobalSection
	GlobalSection(ProjectConfigurationPlatforms) = postSolution
		{7D366D1E-C899-4133-ACB9-BB821CB8DDCA}.Debug|Any CPU.ActiveCfg = Debug|Any CPU
		{7D366D1E-C899-4133-ACB9-BB821CB8DDCA}.Debug|Any CPU.Build.0 = Debug|Any CPU
		{7D366D1E-C899-4133-ACB9-BB821CB8DDCA}.Release|Any CPU.ActiveCfg = Release|Any CPU
		{7D366D1E-C899-4133-ACB9-BB821CB8DDCA}.Release|Any CPU.Build.0 = Release|Any CPU
	EndGlobalSection
	GlobalSection(SolutionProperties) = preSolution
		HideSolutionNode = FALSE
	EndGlobalSection
	GlobalSection(ExtensibilityGlobals) = postSolution
		SolutionGuid = {4F2DBFE0-7952-4856-B570-6DD7AF527E60}
	EndGlobalSection
EndGlobal
